{
    "name": "vnnative3-form",
    "version": "1.0.1",
    "lockfileVersion": 2,
    "requires": true,
    "packages": {
        "": {
            "name": "vnnative3-form",
            "version": "1.0.1",
            "license": "ISC",
            "dependencies": {
                "@types/node": "^17.0.5",
                "typescript": "^4.5.4",
                "vnnative3-console": "^1.0.1"
            }
        },
        "node_modules/@types/node": {
            "version": "17.0.5",
            "resolved": "https://registry.npmjs.org/@types/node/-/node-17.0.5.tgz",
            "integrity": "sha512-w3mrvNXLeDYV1GKTZorGJQivK6XLCoGwpnyJFbJVK/aTBQUxOCaa/GlFAAN3OTDFcb7h5tiFG+YXCO2By+riZw=="
        },
        "node_modules/typescript": {
            "version": "4.5.4",
            "resolved": "https://registry.npmjs.org/typescript/-/typescript-4.5.4.tgz",
            "integrity": "sha512-VgYs2A2QIRuGphtzFV7aQJduJ2gyfTljngLzjpfW9FoYZF6xuw1W0vW9ghCKLfcWrCFxK81CSGRAvS1pn4fIUg==",
            "bin": {
                "tsc": "bin/tsc",
                "tsserver": "bin/tsserver"
            },
            "engines": {
                "node": ">=4.2.0"
            }
        },
        "node_modules/vnnative3-console": {
            "version": "1.0.1",
            "resolved": "https://registry.npmjs.org/vnnative3-console/-/vnnative3-console-1.0.1.tgz",
            "integrity": "sha512-G2+XH7xfQpPw7EDm311gN1niZ8TzcC/9QhPxZnG7zXVqg3yZc9GcATsooaD5FsxlFlwCPtjna+5Ch6HvoJmlbQ=="
        }
    },
    "dependencies": {
        "@types/node": {
            "version": "17.0.5",
            "resolved": "https://registry.npmjs.org/@types/node/-/node-17.0.5.tgz",
            "integrity": "sha512-w3mrvNXLeDYV1GKTZorGJQivK6XLCoGwpnyJFbJVK/aTBQUxOCaa/GlFAAN3OTDFcb7h5tiFG+YXCO2By+riZw=="
        },
        "typescript": {
            "version": "4.5.4",
            "resolved": "https://registry.npmjs.org/typescript/-/typescript-4.5.4.tgz",
            "integrity": "sha512-VgYs2A2QIRuGphtzFV7aQJduJ2gyfTljngLzjpfW9FoYZF6xuw1W0vW9ghCKLfcWrCFxK81CSGRAvS1pn4fIUg=="
        },
        "vnnative3-console": {
            "version": "1.0.1",
            "resolved": "https://registry.npmjs.org/vnnative3-console/-/vnnative3-console-1.0.1.tgz",
            "integrity": "sha512-G2+XH7xfQpPw7EDm311gN1niZ8TzcC/9QhPxZnG7zXVqg3yZc9GcATsooaD5FsxlFlwCPtjna+5Ch6HvoJmlbQ=="
        }
    }
}
